
Microsoft Visual Studio Solution File, Format Version 12.00
# Visual Studio 14
VisualStudioVersion = 14.0.25420.1
MinimumVisualStudioVersion = 10.0.40219.1
Project("{FAE04EC0-301F-11D3-BF4B-00C04F79EFBC}") = "TennisApp", "TennisApp\TennisApp\TennisApp.csproj", "{90FB5845-9DA3-43B4-94EE-7470ACE4D64B}"
EndProject
Project("{FAE04EC0-301F-11D3-BF4B-00C04F79EFBC}") = "TennisApp.Droid", "TennisApp\TennisApp.Droid\TennisApp.Droid.csproj", "{C8DDB0B6-A182-4257-A74F-BB8862B9CC6A}"
EndProject
Project("{FAE04EC0-301F-11D3-BF4B-00C04F79EFBC}") = "TennisApp.iOS", "TennisApp\TennisApp.iOS\TennisApp.iOS.csproj", "{518AB115-1B4A-469F-81DB-331CA203BA7F}"
EndProject
Global
	GlobalSection(SolutionConfigurationPlatforms) = preSolution
		Ad-Hoc|Any CPU = Ad-Hoc|Any CPU
		Ad-Hoc|ARM = Ad-Hoc|ARM
		Ad-Hoc|iPhone = Ad-Hoc|iPhone
		Ad-Hoc|iPhoneSimulator = Ad-Hoc|iPhoneSimulator
		Ad-Hoc|x64 = Ad-Hoc|x64
		Ad-Hoc|x86 = Ad-Hoc|x86
		AppStore|Any CPU = AppStore|Any CPU
		AppStore|ARM = AppStore|ARM
		AppStore|iPhone = AppStore|iPhone
		AppStore|iPhoneSimulator = AppStore|iPhoneSimulator
		AppStore|x64 = AppStore|x64
		AppStore|x86 = AppStore|x86
		Debug|Any CPU = Debug|Any CPU
		Debug|ARM = Debug|ARM
		Debug|iPhone = Debug|iPhone
		Debug|iPhoneSimulator = Debug|iPhoneSimulator
		Debug|x64 = Debug|x64
		Debug|x86 = Debug|x86
		Release|Any CPU = Release|Any CPU
		Release|ARM = Release|ARM
		Release|iPhone = Release|iPhone
		Release|iPhoneSimulator = Release|iPhoneSimulator
		Release|x64 = Release|x64
		Release|x86 = Release|x86
	EndGlobalSection
	GlobalSection(ProjectConfigurationPlatforms) = postSolution
		{90FB5845-9DA3-43B4-94EE-7470ACE4D64B}.Ad-Hoc|Any CPU.ActiveCfg = Release|Any CPU
		{90FB5845-9DA3-43B4-94EE-7470ACE4D64B}.Ad-Hoc|Any CPU.Build.0 = Release|Any CPU
		{90FB5845-9DA3-43B4-94EE-7470ACE4D64B}.Ad-Hoc|ARM.ActiveCfg = Release|Any CPU
		{90FB5845-9DA3-43B4-94EE-7470ACE4D64B}.Ad-Hoc|ARM.Build.0 = Release|Any CPU
		{90FB5845-9DA3-43B4-94EE-7470ACE4D64B}.Ad-Hoc|iPhone.ActiveCfg = Release|Any CPU
		{90FB5845-9DA3-43B4-94EE-7470ACE4D64B}.Ad-Hoc|iPhone.Build.0 = Release|Any CPU
		{90FB5845-9DA3-43B4-94EE-7470ACE4D64B}.Ad-Hoc|iPhoneSimulator.ActiveCfg = Release|Any CPU
		{90FB5845-9DA3-43B4-94EE-7470ACE4D64B}.Ad-Hoc|iPhoneSimulator.Build.0 = Release|Any CPU
		{90FB5845-9DA3-43B4-94EE-7470ACE4D64B}.Ad-Hoc|x64.ActiveCfg = Release|Any CPU
		{90FB5845-9DA3-43B4-94EE-7470ACE4D64B}.Ad-Hoc|x64.Build.0 = Release|Any CPU
		{90FB5845-9DA3-43B4-94EE-7470ACE4D64B}.Ad-Hoc|x86.ActiveCfg = Release|Any CPU
		{90FB5845-9DA3-43B4-94EE-7470ACE4D64B}.Ad-Hoc|x86.Build.0 = Release|Any CPU
		{90FB5845-9DA3-43B4-94EE-7470ACE4D64B}.AppStore|Any CPU.ActiveCfg = Release|Any CPU
		{90FB5845-9DA3-43B4-94EE-7470ACE4D64B}.AppStore|Any CPU.Build.0 = Release|Any CPU
		{90FB5845-9DA3-43B4-94EE-7470ACE4D64B}.AppStore|ARM.ActiveCfg = Release|Any CPU
		{90FB5845-9DA3-43B4-94EE-7470ACE4D64B}.AppStore|ARM.Build.0 = Release|Any CPU
		{90FB5845-9DA3-43B4-94EE-7470ACE4D64B}.AppStore|iPhone.ActiveCfg = Release|Any CPU
		{90FB5845-9DA3-43B4-94EE-7470ACE4D64B}.AppStore|iPhone.Build.0 = Release|Any CPU
		{90FB5845-9DA3-43B4-94EE-7470ACE4D64B}.AppStore|iPhoneSimulator.ActiveCfg = Release|Any CPU
		{90FB5845-9DA3-43B4-94EE-7470ACE4D64B}.AppStore|iPhoneSimulator.Build.0 = Release|Any CPU
		{90FB5845-9DA3-43B4-94EE-7470ACE4D64B}.AppStore|x64.ActiveCfg = Release|Any CPU
		{90FB5845-9DA3-43B4-94EE-7470ACE4D64B}.AppStore|x64.Build.0 = Release|Any CPU
		{90FB5845-9DA3-43B4-94EE-7470ACE4D64B}.AppStore|x86.ActiveCfg = Release|Any CPU
		{90FB5845-9DA3-43B4-94EE-7470ACE4D64B}.AppStore|x86.Build.0 = Release|Any CPU
		{90FB5845-9DA3-43B4-94EE-7470ACE4D64B}.Debug|Any CPU.ActiveCfg = Debug|Any CPU
		{90FB5845-9DA3-43B4-94EE-7470ACE4D64B}.Debug|Any CPU.Build.0 = Debug|Any CPU
		{90FB5845-9DA3-43B4-94EE-7470ACE4D64B}.Debug|ARM.ActiveCfg = Debug|Any CPU
		{90FB5845-9DA3-43B4-94EE-7470ACE4D64B}.Debug|ARM.Build.0 = Debug|Any CPU
		{90FB5845-9DA3-43B4-94EE-7470ACE4D64B}.Debug|iPhone.ActiveCfg = Debug|Any CPU
		{90FB5845-9DA3-43B4-94EE-7470ACE4D64B}.Debug|iPhone.Build.0 = Debug|Any CPU
		{90FB5845-9DA3-43B4-94EE-7470ACE4D64B}.Debug|iPhoneSimulator.ActiveCfg = Debug|Any CPU
		{90FB5845-9DA3-43B4-94EE-7470ACE4D64B}.Debug|iPhoneSimulator.Build.0 = Debug|Any CPU
		{90FB5845-9DA3-43B4-94EE-7470ACE4D64B}.Debug|x64.ActiveCfg = Debug|Any CPU
		{90FB5845-9DA3-43B4-94EE-7470ACE4D64B}.Debug|x64.Build.0 = Debug|Any CPU
		{90FB5845-9DA3-43B4-94EE-7470ACE4D64B}.Debug|x86.ActiveCfg = Debug|Any CPU
		{90FB5845-9DA3-43B4-94EE-7470ACE4D64B}.Debug|x86.Build.0 = Debug|Any CPU
		{90FB5845-9DA3-43B4-94EE-7470ACE4D64B}.Release|Any CPU.ActiveCfg = Release|Any CPU
		{90FB5845-9DA3-43B4-94EE-7470ACE4D64B}.Release|Any CPU.Build.0 = Release|Any CPU
		{90FB5845-9DA3-43B4-94EE-7470ACE4D64B}.Release|ARM.ActiveCfg = Release|Any CPU
		{90FB5845-9DA3-43B4-94EE-7470ACE4D64B}.Release|ARM.Build.0 = Release|Any CPU
		{90FB5845-9DA3-43B4-94EE-7470ACE4D64B}.Release|iPhone.ActiveCfg = Release|Any CPU
		{90FB5845-9DA3-43B4-94EE-7470ACE4D64B}.Release|iPhone.Build.0 = Release|Any CPU
		{90FB5845-9DA3-43B4-94EE-7470ACE4D64B}.Release|iPhoneSimulator.ActiveCfg = Release|Any CPU
		{90FB5845-9DA3-43B4-94EE-7470ACE4D64B}.Release|iPhoneSimulator.Build.0 = Release|Any CPU
		{90FB5845-9DA3-43B4-94EE-7470ACE4D64B}.Release|x64.ActiveCfg = Release|Any CPU
		{90FB5845-9DA3-43B4-94EE-7470ACE4D64B}.Release|x64.Build.0 = Release|Any CPU
		{90FB5845-9DA3-43B4-94EE-7470ACE4D64B}.Release|x86.ActiveCfg = Release|Any CPU
		{90FB5845-9DA3-43B4-94EE-7470ACE4D64B}.Release|x86.Build.0 = Release|Any CPU
		{C8DDB0B6-A182-4257-A74F-BB8862B9CC6A}.Ad-Hoc|Any CPU.ActiveCfg = Release|Any CPU
		{C8DDB0B6-A182-4257-A74F-BB8862B9CC6A}.Ad-Hoc|Any CPU.Build.0 = Release|Any CPU
		{C8DDB0B6-A182-4257-A74F-BB8862B9CC6A}.Ad-Hoc|Any CPU.Deploy.0 = Release|Any CPU
		{C8DDB0B6-A182-4257-A74F-BB8862B9CC6A}.Ad-Hoc|ARM.ActiveCfg = Release|Any CPU
		{C8DDB0B6-A182-4257-A74F-BB8862B9CC6A}.Ad-Hoc|ARM.Build.0 = Release|Any CPU
		{C8DDB0B6-A182-4257-A74F-BB8862B9CC6A}.Ad-Hoc|ARM.Deploy.0 = Release|Any CPU
		{C8DDB0B6-A182-4257-A74F-BB8862B9CC6A}.Ad-Hoc|iPhone.ActiveCfg = Release|Any CPU
		{C8DDB0B6-A182-4257-A74F-BB8862B9CC6A}.Ad-Hoc|iPhone.Build.0 = Release|Any CPU
		{C8DDB0B6-A182-4257-A74F-BB8862B9CC6A}.Ad-Hoc|iPhone.Deploy.0 = Release|Any CPU
		{C8DDB0B6-A182-4257-A74F-BB8862B9CC6A}.Ad-Hoc|iPhoneSimulator.ActiveCfg = Release|Any CPU
		{C8DDB0B6-A182-4257-A74F-BB8862B9CC6A}.Ad-Hoc|iPhoneSimulator.Build.0 = Release|Any CPU
		{C8DDB0B6-A182-4257-A74F-BB8862B9CC6A}.Ad-Hoc|iPhoneSimulator.Deploy.0 = Release|Any CPU
		{C8DDB0B6-A182-4257-A74F-BB8862B9CC6A}.Ad-Hoc|x64.ActiveCfg = Release|Any CPU
		{C8DDB0B6-A182-4257-A74F-BB8862B9CC6A}.Ad-Hoc|x64.Build.0 = Release|Any CPU
		{C8DDB0B6-A182-4257-A74F-BB8862B9CC6A}.Ad-Hoc|x64.Deploy.0 = Release|Any CPU
		{C8DDB0B6-A182-4257-A74F-BB8862B9CC6A}.Ad-Hoc|x86.ActiveCfg = Release|Any CPU
		{C8DDB0B6-A182-4257-A74F-BB8862B9CC6A}.Ad-Hoc|x86.Build.0 = Release|Any CPU
		{C8DDB0B6-A182-4257-A74F-BB8862B9CC6A}.Ad-Hoc|x86.Deploy.0 = Release|Any CPU
		{C8DDB0B6-A182-4257-A74F-BB8862B9CC6A}.AppStore|Any CPU.ActiveCfg = Release|Any CPU
		{C8DDB0B6-A182-4257-A74F-BB8862B9CC6A}.AppStore|Any CPU.Build.0 = Release|Any CPU
		{C8DDB0B6-A182-4257-A74F-BB8862B9CC6A}.AppStore|Any CPU.Deploy.0 = Release|Any CPU
		{C8DDB0B6-A182-4257-A74F-BB8862B9CC6A}.AppStore|ARM.ActiveCfg = Release|Any CPU
		{C8DDB0B6-A182-4257-A74F-BB8862B9CC6A}.AppStore|ARM.Build.0 = Release|Any CPU
		{C8DDB0B6-A182-4257-A74F-BB8862B9CC6A}.AppStore|ARM.Deploy.0 = Release|Any CPU
		{C8DDB0B6-A182-4257-A74F-BB8862B9CC6A}.AppStore|iPhone.ActiveCfg = Release|Any CPU
		{C8DDB0B6-A182-4257-A74F-BB8862B9CC6A}.AppStore|iPhone.Build.0 = Release|Any CPU
		{C8DDB0B6-A182-4257-A74F-BB8862B9CC6A}.AppStore|iPhone.Deploy.0 = Release|Any CPU
		{C8DDB0B6-A182-4257-A74F-BB8862B9CC6A}.AppStore|iPhoneSimulator.ActiveCfg = Release|Any CPU
		{C8DDB0B6-A182-4257-A74F-BB8862B9CC6A}.AppStore|iPhoneSimulator.Build.0 = Release|Any CPU
		{C8DDB0B6-A182-4257-A74F-BB8862B9CC6A}.AppStore|iPhoneSimulator.Deploy.0 = Release|Any CPU
		{C8DDB0B6-A182-4257-A74F-BB8862B9CC6A}.AppStore|x64.ActiveCfg = Release|Any CPU
		{C8DDB0B6-A182-4257-A74F-BB8862B9CC6A}.AppStore|x64.Build.0 = Release|Any CPU
		{C8DDB0B6-A182-4257-A74F-BB8862B9CC6A}.AppStore|x64.Deploy.0 = Release|Any CPU
		{C8DDB0B6-A182-4257-A74F-BB8862B9CC6A}.AppStore|x86.ActiveCfg = Release|Any CPU
		{C8DDB0B6-A182-4257-A74F-BB8862B9CC6A}.AppStore|x86.Build.0 = Release|Any CPU
		{C8DDB0B6-A182-4257-A74F-BB8862B9CC6A}.AppStore|x86.Deploy.0 = Release|Any CPU
		{C8DDB0B6-A182-4257-A74F-BB8862B9CC6A}.Debug|Any CPU.ActiveCfg = Debug|Any CPU
		{C8DDB0B6-A182-4257-A74F-BB8862B9CC6A}.Debug|Any CPU.Build.0 = Debug|Any CPU
		{C8DDB0B6-A182-4257-A74F-BB8862B9CC6A}.Debug|Any CPU.Deploy.0 = Debug|Any CPU
		{C8DDB0B6-A182-4257-A74F-BB8862B9CC6A}.Debug|ARM.ActiveCfg = Debug|Any CPU
		{C8DDB0B6-A182-4257-A74F-BB8862B9CC6A}.Debug|ARM.Build.0 = Debug|Any CPU
		{C8DDB0B6-A182-4257-A74F-BB8862B9CC6A}.Debug|ARM.Deploy.0 = Debug|Any CPU
		{C8DDB0B6-A182-4257-A74F-BB8862B9CC6A}.Debug|iPhone.ActiveCfg = Debug|Any CPU
		{C8DDB0B6-A182-4257-A74F-BB8862B9CC6A}.Debug|iPhone.Build.0 = Debug|Any CPU
		{C8DDB0B6-A182-4257-A74F-BB8862B9CC6A}.Debug|iPhone.Deploy.0 = Debug|Any CPU
		{C8DDB0B6-A182-4257-A74F-BB8862B9CC6A}.Debug|iPhoneSimulator.ActiveCfg = Debug|Any CPU
		{C8DDB0B6-A182-4257-A74F-BB8862B9CC6A}.Debug|iPhoneSimulator.Build.0 = Debug|Any CPU
		{C8DDB0B6-A182-4257-A74F-BB8862B9CC6A}.Debug|iPhoneSimulator.Deploy.0 = Debug|Any CPU
		{C8DDB0B6-A182-4257-A74F-BB8862B9CC6A}.Debug|x64.ActiveCfg = Debug|Any CPU
		{C8DDB0B6-A182-4257-A74F-BB8862B9CC6A}.Debug|x64.Build.0 = Debug|Any CPU
		{C8DDB0B6-A182-4257-A74F-BB8862B9CC6A}.Debug|x64.Deploy.0 = Debug|Any CPU
		{C8DDB0B6-A182-4257-A74F-BB8862B9CC6A}.Debug|x86.ActiveCfg = Debug|Any CPU
		{C8DDB0B6-A182-4257-A74F-BB8862B9CC6A}.Debug|x86.Build.0 = Debug|Any CPU
		{C8DDB0B6-A182-4257-A74F-BB8862B9CC6A}.Debug|x86.Deploy.0 = Debug|Any CPU
		{C8DDB0B6-A182-4257-A74F-BB8862B9CC6A}.Release|Any CPU.ActiveCfg = Release|Any CPU
		{C8DDB0B6-A182-4257-A74F-BB8862B9CC6A}.Release|Any CPU.Build.0 = Release|Any CPU
		{C8DDB0B6-A182-4257-A74F-BB8862B9CC6A}.Release|Any CPU.Deploy.0 = Release|Any CPU
		{C8DDB0B6-A182-4257-A74F-BB8862B9CC6A}.Release|ARM.ActiveCfg = Release|Any CPU
		{C8DDB0B6-A182-4257-A74F-BB8862B9CC6A}.Release|ARM.Build.0 = Release|Any CPU
		{C8DDB0B6-A182-4257-A74F-BB8862B9CC6A}.Release|ARM.Deploy.0 = Release|Any CPU
		{C8DDB0B6-A182-4257-A74F-BB8862B9CC6A}.Release|iPhone.ActiveCfg = Release|Any CPU
		{C8DDB0B6-A182-4257-A74F-BB8862B9CC6A}.Release|iPhone.Build.0 = Release|Any CPU
		{C8DDB0B6-A182-4257-A74F-BB8862B9CC6A}.Release|iPhone.Deploy.0 = Release|Any CPU
		{C8DDB0B6-A182-4257-A74F-BB8862B9CC6A}.Release|iPhoneSimulator.ActiveCfg = Release|Any CPU
		{C8DDB0B6-A182-4257-A74F-BB8862B9CC6A}.Release|iPhoneSimulator.Build.0 = Release|Any CPU
		{C8DDB0B6-A182-4257-A74F-BB8862B9CC6A}.Release|iPhoneSimulator.Deploy.0 = Release|Any CPU
		{C8DDB0B6-A182-4257-A74F-BB8862B9CC6A}.Release|x64.ActiveCfg = Release|Any CPU
		{C8DDB0B6-A182-4257-A74F-BB8862B9CC6A}.Release|x64.Build.0 = Release|Any CPU
		{C8DDB0B6-A182-4257-A74F-BB8862B9CC6A}.Release|x64.Deploy.0 = Release|Any CPU
		{C8DDB0B6-A182-4257-A74F-BB8862B9CC6A}.Release|x86.ActiveCfg = Release|Any CPU
		{C8DDB0B6-A182-4257-A74F-BB8862B9CC6A}.Release|x86.Build.0 = Release|Any CPU
		{C8DDB0B6-A182-4257-A74F-BB8862B9CC6A}.Release|x86.Deploy.0 = Release|Any CPU
		{518AB115-1B4A-469F-81DB-331CA203BA7F}.Ad-Hoc|Any CPU.ActiveCfg = Ad-Hoc|iPhone
		{518AB115-1B4A-469F-81DB-331CA203BA7F}.Ad-Hoc|ARM.ActiveCfg = Ad-Hoc|iPhone
		{518AB115-1B4A-469F-81DB-331CA203BA7F}.Ad-Hoc|iPhone.ActiveCfg = Ad-Hoc|iPhone
		{518AB115-1B4A-469F-81DB-331CA203BA7F}.Ad-Hoc|iPhone.Build.0 = Ad-Hoc|iPhone
		{518AB115-1B4A-469F-81DB-331CA203BA7F}.Ad-Hoc|iPhoneSimulator.ActiveCfg = Ad-Hoc|iPhoneSimulator
		{518AB115-1B4A-469F-81DB-331CA203BA7F}.Ad-Hoc|iPhoneSimulator.Build.0 = Ad-Hoc|iPhoneSimulator
		{518AB115-1B4A-469F-81DB-331CA203BA7F}.Ad-Hoc|x64.ActiveCfg = Ad-Hoc|iPhone
		{518AB115-1B4A-469F-81DB-331CA203BA7F}.Ad-Hoc|x86.ActiveCfg = Ad-Hoc|iPhone
		{518AB115-1B4A-469F-81DB-331CA203BA7F}.AppStore|Any CPU.ActiveCfg = AppStore|iPhone
		{518AB115-1B4A-469F-81DB-331CA203BA7F}.AppStore|ARM.ActiveCfg = AppStore|iPhone
		{518AB115-1B4A-469F-81DB-331CA203BA7F}.AppStore|iPhone.ActiveCfg = AppStore|iPhone
		{518AB115-1B4A-469F-81DB-331CA203BA7F}.AppStore|iPhone.Build.0 = AppStore|iPhone
		{518AB115-1B4A-469F-81DB-331CA203BA7F}.AppStore|iPhoneSimulator.ActiveCfg = AppStore|iPhoneSimulator
		{518AB115-1B4A-469F-81DB-331CA203BA7F}.AppStore|iPhoneSimulator.Build.0 = AppStore|iPhoneSimulator
		{518AB115-1B4A-469F-81DB-331CA203BA7F}.AppStore|x64.ActiveCfg = AppStore|iPhone
		{518AB115-1B4A-469F-81DB-331CA203BA7F}.AppStore|x86.ActiveCfg = AppStore|iPhone
		{518AB115-1B4A-469F-81DB-331CA203BA7F}.Debug|Any CPU.ActiveCfg = Debug|iPhone
		{518AB115-1B4A-469F-81DB-331CA203BA7F}.Debug|ARM.ActiveCfg = Debug|iPhone
		{518AB115-1B4A-469F-81DB-331CA203BA7F}.Debug|iPhone.ActiveCfg = Debug|iPhone
		{518AB115-1B4A-469F-81DB-331CA203BA7F}.Debug|iPhone.Build.0 = Debug|iPhone
		{518AB115-1B4A-469F-81DB-331CA203BA7F}.Debug|iPhoneSimulator.ActiveCfg = Debug|iPhoneSimulator
		{518AB115-1B4A-469F-81DB-331CA203BA7F}.Debug|iPhoneSimulator.Build.0 = Debug|iPhoneSimulator
		{518AB115-1B4A-469F-81DB-331CA203BA7F}.Debug|x64.ActiveCfg = Debug|iPhone
		{518AB115-1B4A-469F-81DB-331CA203BA7F}.Debug|x86.ActiveCfg = Debug|iPhone
		{518AB115-1B4A-469F-81DB-331CA203BA7F}.Release|Any CPU.ActiveCfg = Release|iPhone
		{518AB115-1B4A-469F-81DB-331CA203BA7F}.Release|ARM.ActiveCfg = Release|iPhone
		{518AB115-1B4A-469F-81DB-331CA203BA7F}.Release|iPhone.ActiveCfg = Release|iPhone
		{518AB115-1B4A-469F-81DB-331CA203BA7F}.Release|iPhone.Build.0 = Release|iPhone
		{518AB115-1B4A-469F-81DB-331CA203BA7F}.Release|iPhoneSimulator.ActiveCfg = Release|iPhoneSimulator
		{518AB115-1B4A-469F-81DB-331CA203BA7F}.Release|iPhoneSimulator.Build.0 = Release|iPhoneSimulator
		{518AB115-1B4A-469F-81DB-331CA203BA7F}.Release|x64.ActiveCfg = Release|iPhone
		{518AB115-1B4A-469F-81DB-331CA203BA7F}.Release|x86.ActiveCfg = Release|iPhone
	EndGlobalSection
	GlobalSection(SolutionProperties) = preSolution
		HideSolutionNode = FALSE
	EndGlobalSection
EndGlobal
